version: 2.0
shards:
  db:
    git: https://github.com/crystal-lang/crystal-db.git
    version: 0.14.0

  kubernetes:
    git: https://github.com/matchlighter/crystal-kubernetes.git
    version: 0.1.0+git.commit.9bf385ecdabf10cdd0ce38c4383ba4eea9d0ab7f

  netmask:
    git: https://github.com/plambert/netmask.cr.git
    version: 1.0.0+git.commit.2e617dc521d21bd12b01f4c23f8b3173b48cac20

  webmock:
    git: https://github.com/manastech/webmock.cr.git
    version: 0.14.0

