version: 2.0
shards:
  db:
    git: https://github.com/crystal-lang/crystal-db.git
    version: 0.14.0

  kubernetes:
    git: https://github.com/matchlighter/crystal-kubernetes.git
    version: 0.1.0+git.commit.3e181bbf7a1607c68665fb91d90c1315670a3415

  webmock:
    git: https://github.com/manastech/webmock.cr.git
    version: 0.14.0

